// !$*UTF8*$!
{
	archiveVersion = 1;
	classes = {
	};
	objectVersion = 46;
	objects = {

/* Begin PBXBuildFile section */
		09E2DB5A1AAEB04D001C98D0 /* AppDelegate.swift in Sources */ = {isa = PBXBuildFile; fileRef = 09E2DB591AAEB04D001C98D0 /* AppDelegate.swift */; };
		09E2DB5D1AAEB04D001C98D0 /* ToDoList.xcdatamodeld in Sources */ = {isa = PBXBuildFile; fileRef = 09E2DB5B1AAEB04D001C98D0 /* ToDoList.xcdatamodeld */; };
		09E2DB5F1AAEB04D001C98D0 /* MasterViewController.swift in Sources */ = {isa = PBXBuildFile; fileRef = 09E2DB5E1AAEB04D001C98D0 /* MasterViewController.swift */; };
		09E2DB611AAEB04D001C98D0 /* DetailViewController.swift in Sources */ = {isa = PBXBuildFile; fileRef = 09E2DB601AAEB04D001C98D0 /* DetailViewController.swift */; };
		09E2DB641AAEB04D001C98D0 /* Main.storyboard in Resources */ = {isa = PBXBuildFile; fileRef = 09E2DB621AAEB04D001C98D0 /* Main.storyboard */; };
		09E2DB661AAEB04D001C98D0 /* Images.xcassets in Resources */ = {isa = PBXBuildFile; fileRef = 09E2DB651AAEB04D001C98D0 /* Images.xcassets */; };
		09E2DB691AAEB04D001C98D0 /* LaunchScreen.xib in Resources */ = {isa = PBXBuildFile; fileRef = 09E2DB671AAEB04D001C98D0 /* LaunchScreen.xib */; };
		09E2DB751AAEB04D001C98D0 /* ToDoListTests.swift in Sources */ = {isa = PBXBuildFile; fileRef = 09E2DB741AAEB04D001C98D0 /* ToDoListTests.swift */; };
/* End PBXBuildFile section */

/* Begin PBXContainerItemProxy section */
		09E2DB6F1AAEB04D001C98D0 /* PBXContainerItemProxy */ = {
			isa = PBXContainerItemProxy;
			containerPortal = 09E2DB4C1AAEB04C001C98D0 /* Project object */;
			proxyType = 1;
			remoteGlobalIDString = 09E2DB531AAEB04D001C98D0;
			remoteInfo = ToDoList;
		};
/* End PBXContainerItemProxy section */

/* Begin PBXFileReference section */
		09E2DB541AAEB04D001C98D0 /* ToDoList.app */ = {isa = PBXFileReference; explicitFileType = wrapper.application; includeInIndex = 0; path = ToDoList.app; sourceTree = BUILT_PRODUCTS_DIR; };
		09E2DB581AAEB04D001C98D0 /* Info.plist */ = {isa = PBXFileReference; lastKnownFileType = text.plist.xml; path = Info.plist; sourceTree = "<group>"; };
		09E2DB591AAEB04D001C98D0 /* AppDelegate.swift */ = {isa = PBXFileReference; lastKnownFileType = sourcecode.swift; path = AppDelegate.swift; sourceTree = "<group>"; };
		09E2DB5C1AAEB04D001C98D0 /* ToDoList.xcdatamodel */ = {isa = PBXFileReference; lastKnownFileType = wrapper.xcdatamodel; path = ToDoList.xcdatamodel; sourceTree = "<group>"; };
		09E2DB5E1AAEB04D001C98D0 /* MasterViewController.swift */ = {isa = PBXFileReference; lastKnownFileType = sourcecode.swift; path = MasterViewController.swift; sourceTree = "<group>"; };
		09E2DB601AAEB04D001C98D0 /* DetailViewController.swift */ = {isa = PBXFileReference; lastKnownFileType = sourcecode.swift; path = DetailViewController.swift; sourceTree = "<group>"; };
		09E2DB631AAEB04D001C98D0 /* Base */ = {isa = PBXFileReference; lastKnownFileType = file.storyboard; name = Base; path = Base.lproj/Main.storyboard; sourceTree = "<group>"; };
		09E2DB651AAEB04D001C98D0 /* Images.xcassets */ = {isa = PBXFileReference; lastKnownFileType = folder.assetcatalog; path = Images.xcassets; sourceTree = "<group>"; };
		09E2DB681AAEB04D001C98D0 /* Base */ = {isa = PBXFileReference; lastKnownFileType = file.xib; name = Base; path = Base.lproj/LaunchScreen.xib; sourceTree = "<group>"; };
		09E2DB6E1AAEB04D001C98D0 /* ToDoListTests.xctest */ = {isa = PBXFileReference; explicitFileType = wrapper.cfbundle; includeInIndex = 0; path = ToDoListTests.xctest; sourceTree = BUILT_PRODUCTS_DIR; };
		09E2DB731AAEB04D001C98D0 /* Info.plist */ = {isa = PBXFileReference; lastKnownFileType = text.plist.xml; path = Info.plist; sourceTree = "<group>"; };
		09E2DB741AAEB04D001C98D0 /* ToDoListTests.swift */ = {isa = PBXFileReference; lastKnownFileType = sourcecode.swift; path = ToDoListTests.swift; sourceTree = "<group>"; };
/* End PBXFileReference section */

/* Begin PBXFrameworksBuildPhase section */
		09E2DB511AAEB04D001C98D0 /* Frameworks */ = {
			isa = PBXFrameworksBuildPhase;
			buildActionMask = 2147483647;
			files = (
			);
			runOnlyForDeploymentPostprocessing = 0;
		};
		09E2DB6B1AAEB04D001C98D0 /* Frameworks */ = {
			isa = PBXFrameworksBuildPhase;
			buildActionMask = 2147483647;
			files = (
			);
			runOnlyForDeploymentPostprocessing = 0;
		};
/* End PBXFrameworksBuildPhase section */

/* Begin PBXGroup section */
		09E2DB4B1AAEB04C001C98D0 = {
			isa = PBXGroup;
			children = (
				09E2DB561AAEB04D001C98D0 /* ToDoList */,
				09E2DB711AAEB04D001C98D0 /* ToDoListTests */,
				09E2DB551AAEB04D001C98D0 /* Products */,
			);
			sourceTree = "<group>";
		};
		09E2DB551AAEB04D001C98D0 /* Products */ = {
			isa = PBXGroup;
			children = (
				09E2DB541AAEB04D001C98D0 /* ToDoList.app */,
				09E2DB6E1AAEB04D001C98D0 /* ToDoListTests.xctest */,
			);
			name = Products;
			sourceTree = "<group>";
		};
		09E2DB561AAEB04D001C98D0 /* ToDoList */ = {
			isa = PBXGroup;
			children = (
				09E2DB591AAEB04D001C98D0 /* AppDelegate.swift */,
				09E2DB5E1AAEB04D001C98D0 /* MasterViewController.swift */,
				09E2DB601AAEB04D001C98D0 /* DetailViewController.swift */,
				09E2DB621AAEB04D001C98D0 /* Main.storyboard */,
				09E2DB651AAEB04D001C98D0 /* Images.xcassets */,
				09E2DB671AAEB04D001C98D0 /* LaunchScreen.xib */,
				09E2DB5B1AAEB04D001C98D0 /* ToDoList.xcdatamodeld */,
				09E2DB571AAEB04D001C98D0 /* Supporting Files */,
			);
			path = ToDoList;
			sourceTree = "<group>";
		};
		09E2DB571AAEB04D001C98D0 /* Supporting Files */ = {
			isa = PBXGroup;
			children = (
				09E2DB581AAEB04D001C98D0 /* Info.plist */,
			);
			name = "Supporting Files";
			sourceTree = "<group>";
		};
		09E2DB711AAEB04D001C98D0 /* ToDoListTests */ = {
			isa = PBXGroup;
			children = (
				09E2DB741AAEB04D001C98D0 /* ToDoListTests.swift */,
				09E2DB721AAEB04D001C98D0 /* Supporting Files */,
			);
			path = ToDoListTests;
			sourceTree = "<group>";
		};
		09E2DB721AAEB04D001C98D0 /* Supporting Files */ = {
			isa = PBXGroup;
			children = (
				09E2DB731AAEB04D001C98D0 /* Info.plist */,
			);
			name = "Supporting Files";
			sourceTree = "<group>";
		};
/* End PBXGroup section */

/* Begin PBXNativeTarget section */
		09E2DB531AAEB04D001C98D0 /* ToDoList */ = {
			isa = PBXNativeTarget;
			buildConfigurationList = 09E2DB781AAEB04D001C98D0 /* Build configuration list for PBXNativeTarget "ToDoList" */;
			buildPhases = (
				09E2DB501AAEB04D001C98D0 /* Sources */,
				09E2DB511AAEB04D001C98D0 /* Frameworks */,
				09E2DB521AAEB04D001C98D0 /* Resources */,
			);
			buildRules = (
			);
			dependencies = (
			);
			name = ToDoList;
			productName = ToDoList;
			productReference = 09E2DB541AAEB04D001C98D0 /* ToDoList.app */;
			productType = "com.apple.product-type.application";
		};
		09E2DB6D1AAEB04D001C98D0 /* ToDoListTests */ = {
			isa = PBXNativeTarget;
			buildConfigurationList = 09E2DB7B1AAEB04D001C98D0 /* Build configuration list for PBXNativeTarget "ToDoListTests" */;
			buildPhases = (
				09E2DB6A1AAEB04D001C98D0 /* Sources */,
				09E2DB6B1AAEB04D001C98D0 /* Frameworks */,
				09E2DB6C1AAEB04D001C98D0 /* Resources */,
			);
			buildRules = (
			);
			dependencies = (
				09E2DB701AAEB04D001C98D0 /* PBXTargetDependency */,
			);
			name = ToDoListTests;
			productName = ToDoListTests;
			productReference = 09E2DB6E1AAEB04D001C98D0 /* ToDoListTests.xctest */;
			productType = "com.apple.product-type.bundle.unit-test";
		};
/* End PBXNativeTarget section */

/* Begin PBXProject section */
		09E2DB4C1AAEB04C001C98D0 /* Project object */ = {
			isa = PBXProject;
			attributes = {
				LastUpgradeCheck = 0610;
				ORGANIZATIONNAME = HLY;
				TargetAttributes = {
					09E2DB531AAEB04D001C98D0 = {
						CreatedOnToolsVersion = 6.1.1;
					};
					09E2DB6D1AAEB04D001C98D0 = {
						CreatedOnToolsVersion = 6.1.1;
						TestTargetID = 09E2DB531AAEB04D001C98D0;
					};
				};
			};
			buildConfigurationList = 09E2DB4F1AAEB04C001C98D0 /* Build configuration list for PBXProject "ToDoList" */;
			compatibilityVersion = "Xcode 3.2";
			developmentRegion = English;
			hasScannedForEncodings = 0;
			knownRegions = (
				en,
				Base,
			);
			mainGroup = 09E2DB4B1AAEB04C001C98D0;
			productRefGroup = 09E2DB551AAEB04D001C98D0 /* Products */;
			projectDirPath = "";
			projectRoot = "";
			targets = (
				09E2DB531AAEB04D001C98D0 /* ToDoList */,
				09E2DB6D1AAEB04D001C98D0 /* ToDoListTests */,
			);
		};
/* End PBXProject section */

/* Begin PBXResourcesBuildPhase section */
		09E2DB521AAEB04D001C98D0 /* Resources */ = {
			isa = PBXResourcesBuildPhase;
			buildActionMask = 2147483647;
			files = (
				09E2DB641AAEB04D001C98D0 /* Main.storyboard in Resources */,
				09E2DB691AAEB04D001C98D0 /* LaunchScreen.xib in Resources */,
				09E2DB661AAEB04D001C98D0 /* Images.xcassets in Resources */,
			);
			runOnlyForDeploymentPostprocessing = 0;
		};
		09E2DB6C1AAEB04D001C98D0 /* Resources */ = {
			isa = PBXResourcesBuildPhase;
			buildActionMask = 2147483647;
			files = (
			);
			runOnlyForDeploymentPostprocessing = 0;
		};
/* End PBXResourcesBuildPhase section */

/* Begin PBXSourcesBuildPhase section */
		09E2DB501AAEB04D001C98D0 /* Sources */ = {
			isa = PBXSourcesBuildPhase;
			buildActionMask = 2147483647;
			files = (
				09E2DB5A1AAEB04D001C98D0 /* AppDelegate.swift in Sources */,
				09E2DB5D1AAEB04D001C98D0 /* ToDoList.xcdatamodeld in Sources */,
				09E2DB5F1AAEB04D001C98D0 /* MasterViewController.swift in Sources */,
				09E2DB611AAEB04D001C98D0 /* DetailViewController.swift in Sources */,
			);
			runOnlyForDeploymentPostprocessing = 0;
		};
		09E2DB6A1AAEB04D001C98D0 /* Sources */ = {
			isa = PBXSourcesBuildPhase;
			buildActionMask = 2147483647;
			files = (
				09E2DB751AAEB04D001C98D0 /* ToDoListTests.swift in Sources */,
			);
			runOnlyForDeploymentPostprocessing = 0;
		};
/* End PBXSourcesBuildPhase section */

/* Begin PBXTargetDependency section */
		09E2DB701AAEB04D001C98D0 /* PBXTargetDependency */ = {
			isa = PBXTargetDependency;
			target = 09E2DB531AAEB04D001C98D0 /* ToDoList */;
			targetProxy = 09E2DB6F1AAEB04D001C98D0 /* PBXContainerItemProxy */;
		};
/* End PBXTargetDependency section */

/* Begin PBXVariantGroup section */
		09E2DB621AAEB04D001C98D0 /* Main.storyboard */ = {
			isa = PBXVariantGroup;
			children = (
				09E2DB631AAEB04D001C98D0 /* Base */,
			);
			name = Main.storyboard;
			sourceTree = "<group>";
		};
		09E2DB671AAEB04D001C98D0 /* LaunchScreen.xib */ = {
			isa = PBXVariantGroup;
			children = (
				09E2DB681AAEB04D001C98D0 /* Base */,
			);
			name = LaunchScreen.xib;
			sourceTree = "<group>";
		};
/* End PBXVariantGroup section */

/* Begin XCBuildConfiguration section */
		09E2DB761AAEB04D001C98D0 /* Debug */ = {
			isa = XCBuildConfiguration;
			buildSettings = {
				ALWAYS_SEARCH_USER_PATHS = NO;
				CLANG_CXX_LANGUAGE_STANDARD = "gnu++0x";
				CLANG_CXX_LIBRARY = "libc++";
				CLANG_ENABLE_MODULES = YES;
				CLANG_ENABLE_OBJC_ARC = YES;
				CLANG_WARN_BOOL_CONVERSION = YES;
				CLANG_WARN_CONSTANT_CONVERSION = YES;
				CLANG_WARN_DIRECT_OBJC_ISA_USAGE = YES_ERROR;
				CLANG_WARN_EMPTY_BODY = YES;
				CLANG_WARN_ENUM_CONVERSION = YES;
				CLANG_WARN_INT_CONVERSION = YES;
				CLANG_WARN_OBJC_ROOT_CLASS = YES_ERROR;
				CLANG_WARN_UNREACHABLE_CODE = YES;
				CLANG_WARN__DUPLICATE_METHOD_MATCH = YES;
				"CODE_SIGN_IDENTITY[sdk=iphoneos*]" = "iPhone Developer";
				COPY_PHASE_STRIP = NO;
				ENABLE_STRICT_OBJC_MSGSEND = YES;
				GCC_C_LANGUAGE_STANDARD = gnu99;
				GCC_DYNAMIC_NO_PIC = NO;
				GCC_OPTIMIZATION_LEVEL = 0;
				GCC_PREPROCESSOR_DEFINITIONS = (
					"DEBUG=1",
					"$(inherited)",
				);
				GCC_SYMBOLS_PRIVATE_EXTERN = NO;
				GCC_WARN_64_TO_32_BIT_CONVERSION = YES;
				GCC_WARN_ABOUT_RETURN_TYPE = YES_ERROR;
				GCC_WARN_UNDECLARED_SELECTOR = YES;
				GCC_WARN_UNINITIALIZED_AUTOS = YES_AGGRESSIVE;
				GCC_WARN_UNUSED_FUNCTION = YES;
				GCC_WARN_UNUSED_VARIABLE = YES;
				IPHONEOS_DEPLOYMENT_TARGET = 8.1;
				MTL_ENABLE_DEBUG_INFO = YES;
				ONLY_ACTIVE_ARCH = YES;
				SDKROOT = iphoneos;
				SWIFT_OPTIMIZATION_LEVEL = "-Onone";
			};
			name = Debug;
		};
		09E2DB771AAEB04D001C98D0 /* Release */ = {
			isa = XCBuildConfiguration;
			buildSettings = {
				ALWAYS_SEARCH_USER_PATHS = NO;
				CLANG_CXX_LANGUAGE_STANDARD = "gnu++0x";
				CLANG_CXX_LIBRARY = "libc++";
				CLANG_ENABLE_MODULES = YES;
				CLANG_ENABLE_OBJC_ARC = YES;
				CLANG_WARN_BOOL_CONVERSION = YES;
				CLANG_WARN_CONSTANT_CONVERSION = YES;
				CLANG_WARN_DIRECT_OBJC_ISA_USAGE = YES_ERROR;
				CLANG_WARN_EMPTY_BODY = YES;
				CLANG_WARN_ENUM_CONVERSION = YES;
				CLANG_WARN_INT_CONVERSION = YES;
				CLANG_WARN_OBJC_ROOT_CLASS = YES_ERROR;
				CLANG_WARN_UNREACHABLE_CODE = YES;
				CLANG_WARN__DUPLICATE_METHOD_MATCH = YES;
				"CODE_SIGN_IDENTITY[sdk=iphoneos*]" = "iPhone Developer";
				COPY_PHASE_STRIP = YES;
				ENABLE_NS_ASSERTIONS = NO;
				ENABLE_STRICT_OBJC_MSGSEND = YES;
				GCC_C_LANGUAGE_STANDARD = gnu99;
				GCC_WARN_64_TO_32_BIT_CONVERSION = YES;
				GCC_WARN_ABOUT_RETURN_TYPE = YES_ERROR;
				GCC_WARN_UNDECLARED_SELECTOR = YES;
				GCC_WARN_UNINITIALIZED_AUTOS = YES_AGGRESSIVE;
				GCC_WARN_UNUSED_FUNCTION = YES;
				GCC_WARN_UNUSED_VARIABLE = YES;
				IPHONEOS_DEPLOYMENT_TARGET = 8.1;
				MTL_ENABLE_DEBUG_INFO = NO;
				SDKROOT = iphoneos;
				VALIDATE_PRODUCT = YES;
			};
			name = Release;
		};
		09E2DB791AAEB04D001C98D0 /* Debug */ = {
			isa = XCBuildConfiguration;
			buildSettings = {
				ASSETCATALOG_COMPILER_APPICON_NAME = AppIcon;
				INFOPLIST_FILE = ToDoList/Info.plist;
				LD_RUNPATH_SEARCH_PATHS = "$(inherited) @executable_path/Frameworks";
				PRODUCT_NAME = "$(TARGET_NAME)";
			};
			name = Debug;
		};
		09E2DB7A1AAEB04D001C98D0 /* Release */ = {
			isa = XCBuildConfiguration;
			buildSettings = {
				ASSETCATALOG_COMPILER_APPICON_NAME = AppIcon;
				INFOPLIST_FILE = ToDoList/Info.plist;
				LD_RUNPATH_SEARCH_PATHS = "$(inherited) @executable_path/Frameworks";
				PRODUCT_NAME = "$(TARGET_NAME)";
			};
			name = Release;
		};
		09E2DB7C1AAEB04D001C98D0 /* Debug */ = {
			isa = XCBuildConfiguration;
			buildSettings = {
				BUNDLE_LOADER = "$(TEST_HOST)";
				FRAMEWORK_SEARCH_PATHS = (
					"$(SDKROOT)/Developer/Library/Frameworks",
					"$(inherited)",
				);
				GCC_PREPROCESSOR_DEFINITIONS = (
					"DEBUG=1",
					"$(inherited)",
				);
				INFOPLIST_FILE = ToDoListTests/Info.plist;
				LD_RUNPATH_SEARCH_PATHS = "$(inherited) @executable_path/Frameworks @loader_path/Frameworks";
				PRODUCT_NAME = "$(TARGET_NAME)";
				TEST_HOST = "$(BUILT_PRODUCTS_DIR)/ToDoList.app/ToDoList";
			};
			name = Debug;
		};
		09E2DB7D1AAEB04D001C98D0 /* Release */ = {
			isa = XCBuildConfiguration;
			buildSettings = {
				BUNDLE_LOADER = "$(TEST_HOST)";
				FRAMEWORK_SEARCH_PATHS = (
					"$(SDKROOT)/Developer/Library/Frameworks",
					"$(inherited)",
				);
				INFOPLIST_FILE = ToDoListTests/Info.plist;
				LD_RUNPATH_SEARCH_PATHS = "$(inherited) @executable_path/Frameworks @loader_path/Frameworks";
				PRODUCT_NAME = "$(TARGET_NAME)";
				TEST_HOST = "$(BUILT_PRODUCTS_DIR)/ToDoList.app/ToDoList";
			};
			name = Release;
		};
/* End XCBuildConfiguration section */

/* Begin XCConfigurationList section */
		09E2DB4F1AAEB04C001C98D0 /* Build configuration list for PBXProject "ToDoList" */ = {
			isa = XCConfigurationList;
			buildConfigurations = (
				09E2DB761AAEB04D001C98D0 /* Debug */,
				09E2DB771AAEB04D001C98D0 /* Release */,
			);
			defaultConfigurationIsVisible = 0;
			defaultConfigurationName = Release;
		};
		09E2DB781AAEB04D001C98D0 /* Build configuration list for PBXNativeTarget "ToDoList" */ = {
			isa = XCConfigurationList;
			buildConfigurations = (
				09E2DB791AAEB04D001C98D0 /* Debug */,
				09E2DB7A1AAEB04D001C98D0 /* Release */,
			);
			defaultConfigurationIsVisible = 0;
		};
		09E2DB7B1AAEB04D001C98D0 /* Build configuration list for PBXNativeTarget "ToDoListTests" */ = {
			isa = XCConfigurationList;
			buildConfigurations = (
				09E2DB7C1AAEB04D001C98D0 /* Debug */,
				09E2DB7D1AAEB04D001C98D0 /* Release */,
			);
			defaultConfigurationIsVisible = 0;
		};
/* End XCConfigurationList section */

/* Begin XCVersionGroup section */
		09E2DB5B1AAEB04D001C98D0 /* ToDoList.xcdatamodeld */ = {
			isa = XCVersionGroup;
			children = (
				09E2DB5C1AAEB04D001C98D0 /* ToDoList.xcdatamodel */,
			);
			currentVersion = 09E2DB5C1AAEB04D001C98D0 /* ToDoList.xcdatamodel */;
			path = ToDoList.xcdatamodeld;
			sourceTree = "<group>";
			versionGroupType = wrapper.xcdatamodel;
		};
/* End XCVersionGroup section */
	};
	rootObject = 09E2DB4C1AAEB04C001C98D0 /* Project object */;
}
